
Microsoft Visual Studio Solution File, Format Version 12.00
# Visual Studio Version 16
VisualStudioVersion = 16.0.29201.188
MinimumVisualStudioVersion = 10.0.40219.1
Project("{888888A0-9F3D-457C-B088-3A5042F75D52}") = "DjangoWebProject1", "DjangoWebProject1.pyproj", "{FEAED5E4-6D4C-4ACB-A9CC-BE9D8298364A}"
EndProject
Global
	GlobalSection(SolutionConfigurationPlatforms) = preSolution
		Debug|Any CPU = Debug|Any CPU
		Release|Any CPU = Release|Any CPU
	EndGlobalSection
	GlobalSection(ProjectConfigurationPlatforms) = postSolution
		{FEAED5E4-6D4C-4ACB-A9CC-BE9D8298364A}.Debug|Any CPU.ActiveCfg = Debug|Any CPU
		{FEAED5E4-6D4C-4ACB-A9CC-BE9D8298364A}.Debug|Any CPU.Build.0 = Debug|Any CPU
		{FEAED5E4-6D4C-4ACB-A9CC-BE9D8298364A}.Release|Any CPU.ActiveCfg = Release|Any CPU
		{FEAED5E4-6D4C-4ACB-A9CC-BE9D8298364A}.Release|Any CPU.Build.0 = Release|Any CPU
	EndGlobalSection
	GlobalSection(SolutionProperties) = preSolution
		HideSolutionNode = FALSE
	EndGlobalSection
	GlobalSection(ExtensibilityGlobals) = postSolution
		SolutionGuid = {CE774C53-1C2F-405A-8768-6A518D1EDE28}
	EndGlobalSection
EndGlobal
